
Microsoft Visual Studio Solution File, Format Version 12.00
# Visual Studio Version 18
VisualStudioVersion = 18.0.11222.15
MinimumVisualStudioVersion = 10.0.40219.1
Project("{9A19103F-16F7-4668-BE54-9A1E7A4F7556}") = "HM.Presupuestos.Contratos", "HM.Presupuestos.Contracts\HM.Presupuestos.Contratos.csproj", "{97EA84E8-B100-47B9-B38E-163F52849A16}"
EndProject
Project("{9A19103F-16F7-4668-BE54-9A1E7A4F7556}") = "HM.Presupuestos.Application", "HM.Presupuestos.Application\HM.Presupuestos.Application.csproj", "{1CB198A0-D973-46A2-BEEF-ECD1E20D7CFC}"
EndProject
Project("{9A19103F-16F7-4668-BE54-9A1E7A4F7556}") = "HM.Presupuestos.Server", "HM.Presupuestos.Server\HM.Presupuestos.Server.csproj", "{9FD92015-8075-4262-97DA-33849CBCBA93}"
EndProject
Project("{9A19103F-16F7-4668-BE54-9A1E7A4F7556}") = "HM.Presupuestos.Test", "HM.Presupuestos.Test\HM.Presupuestos.Test.csproj", "{041956B3-082F-4554-B0C4-A1379A9BDC38}"
EndProject
Project("{FAE04EC0-301F-11D3-BF4B-00C04F79EFBC}") = "HM.Presupuestos.UnitTest", "HM.Presupuestos.UnitTest\HM.Presupuestos.UnitTest.csproj", "{EB849EE7-5153-462C-82FC-B2311E5E55EF}"
EndProject
Project("{FAE04EC0-301F-11D3-BF4B-00C04F79EFBC}") = "HM.Presupuestos.Domain", "HM.Presupuestos.Domain\HM.Presupuestos.Domain.csproj", "{EB6888CE-487E-4B63-BF26-DFA9CF8EDEFC}"
EndProject
Project("{FAE04EC0-301F-11D3-BF4B-00C04F79EFBC}") = "HM.Presupuestos.Infraestructure", "HM.Presupuestos.Infraestructure\HM.Presupuestos.Infraestructure.csproj", "{DEC6ED31-7AFF-48B6-BBEF-41466A2D3DC1}"
EndProject
Global
	GlobalSection(SolutionConfigurationPlatforms) = preSolution
		Debug|Any CPU = Debug|Any CPU
		Release|Any CPU = Release|Any CPU
	EndGlobalSection
	GlobalSection(ProjectConfigurationPlatforms) = postSolution
		{97EA84E8-B100-47B9-B38E-163F52849A16}.Debug|Any CPU.ActiveCfg = Debug|Any CPU
		{97EA84E8-B100-47B9-B38E-163F52849A16}.Debug|Any CPU.Build.0 = Debug|Any CPU
		{97EA84E8-B100-47B9-B38E-163F52849A16}.Release|Any CPU.ActiveCfg = Release|Any CPU
		{97EA84E8-B100-47B9-B38E-163F52849A16}.Release|Any CPU.Build.0 = Release|Any CPU
		{1CB198A0-D973-46A2-BEEF-ECD1E20D7CFC}.Debug|Any CPU.ActiveCfg = Debug|Any CPU
		{1CB198A0-D973-46A2-BEEF-ECD1E20D7CFC}.Debug|Any CPU.Build.0 = Debug|Any CPU
		{1CB198A0-D973-46A2-BEEF-ECD1E20D7CFC}.Release|Any CPU.ActiveCfg = Release|Any CPU
		{1CB198A0-D973-46A2-BEEF-ECD1E20D7CFC}.Release|Any CPU.Build.0 = Release|Any CPU
		{9FD92015-8075-4262-97DA-33849CBCBA93}.Debug|Any CPU.ActiveCfg = Debug|Any CPU
		{9FD92015-8075-4262-97DA-33849CBCBA93}.Debug|Any CPU.Build.0 = Debug|Any CPU
		{9FD92015-8075-4262-97DA-33849CBCBA93}.Release|Any CPU.ActiveCfg = Release|Any CPU
		{9FD92015-8075-4262-97DA-33849CBCBA93}.Release|Any CPU.Build.0 = Release|Any CPU
		{041956B3-082F-4554-B0C4-A1379A9BDC38}.Debug|Any CPU.ActiveCfg = Debug|Any CPU
		{041956B3-082F-4554-B0C4-A1379A9BDC38}.Debug|Any CPU.Build.0 = Debug|Any CPU
		{041956B3-082F-4554-B0C4-A1379A9BDC38}.Release|Any CPU.ActiveCfg = Release|Any CPU
		{041956B3-082F-4554-B0C4-A1379A9BDC38}.Release|Any CPU.Build.0 = Release|Any CPU
		{EB849EE7-5153-462C-82FC-B2311E5E55EF}.Debug|Any CPU.ActiveCfg = Debug|Any CPU
		{EB849EE7-5153-462C-82FC-B2311E5E55EF}.Debug|Any CPU.Build.0 = Debug|Any CPU
		{EB849EE7-5153-462C-82FC-B2311E5E55EF}.Release|Any CPU.ActiveCfg = Release|Any CPU
		{EB849EE7-5153-462C-82FC-B2311E5E55EF}.Release|Any CPU.Build.0 = Release|Any CPU
		{EB6888CE-487E-4B63-BF26-DFA9CF8EDEFC}.Debug|Any CPU.ActiveCfg = Debug|Any CPU
		{EB6888CE-487E-4B63-BF26-DFA9CF8EDEFC}.Debug|Any CPU.Build.0 = Debug|Any CPU
		{EB6888CE-487E-4B63-BF26-DFA9CF8EDEFC}.Release|Any CPU.ActiveCfg = Release|Any CPU
		{EB6888CE-487E-4B63-BF26-DFA9CF8EDEFC}.Release|Any CPU.Build.0 = Release|Any CPU
		{DEC6ED31-7AFF-48B6-BBEF-41466A2D3DC1}.Debug|Any CPU.ActiveCfg = Debug|Any CPU
		{DEC6ED31-7AFF-48B6-BBEF-41466A2D3DC1}.Debug|Any CPU.Build.0 = Debug|Any CPU
		{DEC6ED31-7AFF-48B6-BBEF-41466A2D3DC1}.Release|Any CPU.ActiveCfg = Release|Any CPU
		{DEC6ED31-7AFF-48B6-BBEF-41466A2D3DC1}.Release|Any CPU.Build.0 = Release|Any CPU
	EndGlobalSection
	GlobalSection(SolutionProperties) = preSolution
		HideSolutionNode = FALSE
	EndGlobalSection
	GlobalSection(ExtensibilityGlobals) = postSolution
		SolutionGuid = {0A2231BB-2AA5-4E24-B2FC-B78FAF232B78}
	EndGlobalSection
EndGlobal
