
Microsoft Visual Studio Solution File, Format Version 12.00
# Visual Studio Version 18
VisualStudioVersion = 18.0.11222.15
MinimumVisualStudioVersion = 10.0.40219.1
Project("{9A19103F-16F7-4668-BE54-9A1E7A4F7556}") = "HM.Presupuestos.Application", "HM.Presupuestos.Application\HM.Presupuestos.Application.csproj", "{1CB198A0-D973-46A2-BEEF-ECD1E20D7CFC}"
EndProject
Project("{9A19103F-16F7-4668-BE54-9A1E7A4F7556}") = "HM.Presupuestos.Web", "HM.Presupuestos.Web\HM.Presupuestos.Web.csproj", "{9FD92015-8075-4262-97DA-33849CBCBA93}"
EndProject
Project("{FAE04EC0-301F-11D3-BF4B-00C04F79EFBC}") = "HM.Presupuestos.Domain", "HM.Presupuestos.Domain\HM.Presupuestos.Domain.csproj", "{EB6888CE-487E-4B63-BF26-DFA9CF8EDEFC}"
EndProject
Project("{FAE04EC0-301F-11D3-BF4B-00C04F79EFBC}") = "HM.Presupuestos.E2ETest", "HM.Presupuestos.E2ETest\HM.Presupuestos.E2ETest.csproj", "{B5A25D5D-889C-4A8C-96F8-945EA6ECCC7B}"
EndProject
Project("{FAE04EC0-301F-11D3-BF4B-00C04F79EFBC}") = "HM.Presupuestos.Infrastructure", "HM.Presupuestos.Infrastructure\HM.Presupuestos.Infrastructure.csproj", "{50C1F7DF-5049-D2F3-F2F3-EF97D6EE2214}"
EndProject
Project("{FAE04EC0-301F-11D3-BF4B-00C04F79EFBC}") = "HM.Presupuestos.UnitTest", "HM.Presupuestos.UnitTest\HM.Presupuestos.UnitTest.csproj", "{E055A9E9-E442-E821-2BB0-A6C02A5488A2}"
EndProject
Project("{FAE04EC0-301F-11D3-BF4B-00C04F79EFBC}") = "HM.Presupuestos.Web.UnitTest", "HM.Presupuestos.Web.UnitTest\HM.Presupuestos.Web.UnitTest.csproj", "{143A2542-E9F1-4146-B59D-E5CC1EC6F60A}"
EndProject
Project("{FAE04EC0-301F-11D3-BF4B-00C04F79EFBC}") = "HM.Presupuestos.Api", "HM.Presupuestos.Api\HM.Presupuestos.Api.csproj", "{36FC9C99-C077-4EF9-A520-F00EED233354}"
EndProject
Global
	GlobalSection(SolutionConfigurationPlatforms) = preSolution
		Debug|Any CPU = Debug|Any CPU
		Debug|x64 = Debug|x64
		Debug|x86 = Debug|x86
		Release|Any CPU = Release|Any CPU
		Release|x64 = Release|x64
		Release|x86 = Release|x86
	EndGlobalSection
	GlobalSection(ProjectConfigurationPlatforms) = postSolution
		{1CB198A0-D973-46A2-BEEF-ECD1E20D7CFC}.Debug|Any CPU.ActiveCfg = Debug|Any CPU
		{1CB198A0-D973-46A2-BEEF-ECD1E20D7CFC}.Debug|Any CPU.Build.0 = Debug|Any CPU
		{1CB198A0-D973-46A2-BEEF-ECD1E20D7CFC}.Debug|x64.ActiveCfg = Debug|Any CPU
		{1CB198A0-D973-46A2-BEEF-ECD1E20D7CFC}.Debug|x64.Build.0 = Debug|Any CPU
		{1CB198A0-D973-46A2-BEEF-ECD1E20D7CFC}.Debug|x86.ActiveCfg = Debug|Any CPU
		{1CB198A0-D973-46A2-BEEF-ECD1E20D7CFC}.Debug|x86.Build.0 = Debug|Any CPU
		{1CB198A0-D973-46A2-BEEF-ECD1E20D7CFC}.Release|Any CPU.ActiveCfg = Release|Any CPU
		{1CB198A0-D973-46A2-BEEF-ECD1E20D7CFC}.Release|Any CPU.Build.0 = Release|Any CPU
		{1CB198A0-D973-46A2-BEEF-ECD1E20D7CFC}.Release|x64.ActiveCfg = Release|Any CPU
		{1CB198A0-D973-46A2-BEEF-ECD1E20D7CFC}.Release|x64.Build.0 = Release|Any CPU
		{1CB198A0-D973-46A2-BEEF-ECD1E20D7CFC}.Release|x86.ActiveCfg = Release|Any CPU
		{1CB198A0-D973-46A2-BEEF-ECD1E20D7CFC}.Release|x86.Build.0 = Release|Any CPU
		{9FD92015-8075-4262-97DA-33849CBCBA93}.Debug|Any CPU.ActiveCfg = Debug|Any CPU
		{9FD92015-8075-4262-97DA-33849CBCBA93}.Debug|Any CPU.Build.0 = Debug|Any CPU
		{9FD92015-8075-4262-97DA-33849CBCBA93}.Debug|x64.ActiveCfg = Debug|Any CPU
		{9FD92015-8075-4262-97DA-33849CBCBA93}.Debug|x64.Build.0 = Debug|Any CPU
		{9FD92015-8075-4262-97DA-33849CBCBA93}.Debug|x86.ActiveCfg = Debug|Any CPU
		{9FD92015-8075-4262-97DA-33849CBCBA93}.Debug|x86.Build.0 = Debug|Any CPU
		{9FD92015-8075-4262-97DA-33849CBCBA93}.Release|Any CPU.ActiveCfg = Release|Any CPU
		{9FD92015-8075-4262-97DA-33849CBCBA93}.Release|Any CPU.Build.0 = Release|Any CPU
		{9FD92015-8075-4262-97DA-33849CBCBA93}.Release|x64.ActiveCfg = Release|Any CPU
		{9FD92015-8075-4262-97DA-33849CBCBA93}.Release|x64.Build.0 = Release|Any CPU
		{9FD92015-8075-4262-97DA-33849CBCBA93}.Release|x86.ActiveCfg = Release|Any CPU
		{9FD92015-8075-4262-97DA-33849CBCBA93}.Release|x86.Build.0 = Release|Any CPU
		{EB6888CE-487E-4B63-BF26-DFA9CF8EDEFC}.Debug|Any CPU.ActiveCfg = Debug|Any CPU
		{EB6888CE-487E-4B63-BF26-DFA9CF8EDEFC}.Debug|Any CPU.Build.0 = Debug|Any CPU
		{EB6888CE-487E-4B63-BF26-DFA9CF8EDEFC}.Debug|x64.ActiveCfg = Debug|Any CPU
		{EB6888CE-487E-4B63-BF26-DFA9CF8EDEFC}.Debug|x64.Build.0 = Debug|Any CPU
		{EB6888CE-487E-4B63-BF26-DFA9CF8EDEFC}.Debug|x86.ActiveCfg = Debug|Any CPU
		{EB6888CE-487E-4B63-BF26-DFA9CF8EDEFC}.Debug|x86.Build.0 = Debug|Any CPU
		{EB6888CE-487E-4B63-BF26-DFA9CF8EDEFC}.Release|Any CPU.ActiveCfg = Release|Any CPU
		{EB6888CE-487E-4B63-BF26-DFA9CF8EDEFC}.Release|Any CPU.Build.0 = Release|Any CPU
		{EB6888CE-487E-4B63-BF26-DFA9CF8EDEFC}.Release|x64.ActiveCfg = Release|Any CPU
		{EB6888CE-487E-4B63-BF26-DFA9CF8EDEFC}.Release|x64.Build.0 = Release|Any CPU
		{EB6888CE-487E-4B63-BF26-DFA9CF8EDEFC}.Release|x86.ActiveCfg = Release|Any CPU
		{EB6888CE-487E-4B63-BF26-DFA9CF8EDEFC}.Release|x86.Build.0 = Release|Any CPU
		{B5A25D5D-889C-4A8C-96F8-945EA6ECCC7B}.Debug|Any CPU.ActiveCfg = Debug|Any CPU
		{B5A25D5D-889C-4A8C-96F8-945EA6ECCC7B}.Debug|Any CPU.Build.0 = Debug|Any CPU
		{B5A25D5D-889C-4A8C-96F8-945EA6ECCC7B}.Debug|x64.ActiveCfg = Debug|Any CPU
		{B5A25D5D-889C-4A8C-96F8-945EA6ECCC7B}.Debug|x64.Build.0 = Debug|Any CPU
		{B5A25D5D-889C-4A8C-96F8-945EA6ECCC7B}.Debug|x86.ActiveCfg = Debug|Any CPU
		{B5A25D5D-889C-4A8C-96F8-945EA6ECCC7B}.Debug|x86.Build.0 = Debug|Any CPU
		{B5A25D5D-889C-4A8C-96F8-945EA6ECCC7B}.Release|Any CPU.ActiveCfg = Release|Any CPU
		{B5A25D5D-889C-4A8C-96F8-945EA6ECCC7B}.Release|Any CPU.Build.0 = Release|Any CPU
		{B5A25D5D-889C-4A8C-96F8-945EA6ECCC7B}.Release|x64.ActiveCfg = Release|Any CPU
		{B5A25D5D-889C-4A8C-96F8-945EA6ECCC7B}.Release|x64.Build.0 = Release|Any CPU
		{B5A25D5D-889C-4A8C-96F8-945EA6ECCC7B}.Release|x86.ActiveCfg = Release|Any CPU
		{B5A25D5D-889C-4A8C-96F8-945EA6ECCC7B}.Release|x86.Build.0 = Release|Any CPU
		{50C1F7DF-5049-D2F3-F2F3-EF97D6EE2214}.Debug|Any CPU.ActiveCfg = Debug|Any CPU
		{50C1F7DF-5049-D2F3-F2F3-EF97D6EE2214}.Debug|Any CPU.Build.0 = Debug|Any CPU
		{50C1F7DF-5049-D2F3-F2F3-EF97D6EE2214}.Debug|x64.ActiveCfg = Debug|Any CPU
		{50C1F7DF-5049-D2F3-F2F3-EF97D6EE2214}.Debug|x64.Build.0 = Debug|Any CPU
		{50C1F7DF-5049-D2F3-F2F3-EF97D6EE2214}.Debug|x86.ActiveCfg = Debug|Any CPU
		{50C1F7DF-5049-D2F3-F2F3-EF97D6EE2214}.Debug|x86.Build.0 = Debug|Any CPU
		{50C1F7DF-5049-D2F3-F2F3-EF97D6EE2214}.Release|Any CPU.ActiveCfg = Release|Any CPU
		{50C1F7DF-5049-D2F3-F2F3-EF97D6EE2214}.Release|Any CPU.Build.0 = Release|Any CPU
		{50C1F7DF-5049-D2F3-F2F3-EF97D6EE2214}.Release|x64.ActiveCfg = Release|Any CPU
		{50C1F7DF-5049-D2F3-F2F3-EF97D6EE2214}.Release|x64.Build.0 = Release|Any CPU
		{50C1F7DF-5049-D2F3-F2F3-EF97D6EE2214}.Release|x86.ActiveCfg = Release|Any CPU
		{50C1F7DF-5049-D2F3-F2F3-EF97D6EE2214}.Release|x86.Build.0 = Release|Any CPU
		{E055A9E9-E442-E821-2BB0-A6C02A5488A2}.Debug|Any CPU.ActiveCfg = Debug|Any CPU
		{E055A9E9-E442-E821-2BB0-A6C02A5488A2}.Debug|Any CPU.Build.0 = Debug|Any CPU
		{E055A9E9-E442-E821-2BB0-A6C02A5488A2}.Debug|x64.ActiveCfg = Debug|Any CPU
		{E055A9E9-E442-E821-2BB0-A6C02A5488A2}.Debug|x64.Build.0 = Debug|Any CPU
		{E055A9E9-E442-E821-2BB0-A6C02A5488A2}.Debug|x86.ActiveCfg = Debug|Any CPU
		{E055A9E9-E442-E821-2BB0-A6C02A5488A2}.Debug|x86.Build.0 = Debug|Any CPU
		{E055A9E9-E442-E821-2BB0-A6C02A5488A2}.Release|Any CPU.ActiveCfg = Release|Any CPU
		{E055A9E9-E442-E821-2BB0-A6C02A5488A2}.Release|Any CPU.Build.0 = Release|Any CPU
		{E055A9E9-E442-E821-2BB0-A6C02A5488A2}.Release|x64.ActiveCfg = Release|Any CPU
		{E055A9E9-E442-E821-2BB0-A6C02A5488A2}.Release|x64.Build.0 = Release|Any CPU
		{E055A9E9-E442-E821-2BB0-A6C02A5488A2}.Release|x86.ActiveCfg = Release|Any CPU
		{E055A9E9-E442-E821-2BB0-A6C02A5488A2}.Release|x86.Build.0 = Release|Any CPU
		{143A2542-E9F1-4146-B59D-E5CC1EC6F60A}.Debug|Any CPU.ActiveCfg = Debug|Any CPU
		{143A2542-E9F1-4146-B59D-E5CC1EC6F60A}.Debug|Any CPU.Build.0 = Debug|Any CPU
		{143A2542-E9F1-4146-B59D-E5CC1EC6F60A}.Debug|x64.ActiveCfg = Debug|Any CPU
		{143A2542-E9F1-4146-B59D-E5CC1EC6F60A}.Debug|x64.Build.0 = Debug|Any CPU
		{143A2542-E9F1-4146-B59D-E5CC1EC6F60A}.Debug|x86.ActiveCfg = Debug|Any CPU
		{143A2542-E9F1-4146-B59D-E5CC1EC6F60A}.Debug|x86.Build.0 = Debug|Any CPU
		{143A2542-E9F1-4146-B59D-E5CC1EC6F60A}.Release|Any CPU.ActiveCfg = Release|Any CPU
		{143A2542-E9F1-4146-B59D-E5CC1EC6F60A}.Release|Any CPU.Build.0 = Release|Any CPU
		{143A2542-E9F1-4146-B59D-E5CC1EC6F60A}.Release|x64.ActiveCfg = Release|Any CPU
		{143A2542-E9F1-4146-B59D-E5CC1EC6F60A}.Release|x64.Build.0 = Release|Any CPU
		{143A2542-E9F1-4146-B59D-E5CC1EC6F60A}.Release|x86.ActiveCfg = Release|Any CPU
		{143A2542-E9F1-4146-B59D-E5CC1EC6F60A}.Release|x86.Build.0 = Release|Any CPU
		{36FC9C99-C077-4EF9-A520-F00EED233354}.Debug|Any CPU.ActiveCfg = Debug|Any CPU
		{36FC9C99-C077-4EF9-A520-F00EED233354}.Debug|Any CPU.Build.0 = Debug|Any CPU
		{36FC9C99-C077-4EF9-A520-F00EED233354}.Debug|x64.ActiveCfg = Debug|Any CPU
		{36FC9C99-C077-4EF9-A520-F00EED233354}.Debug|x64.Build.0 = Debug|Any CPU
		{36FC9C99-C077-4EF9-A520-F00EED233354}.Debug|x86.ActiveCfg = Debug|Any CPU
		{36FC9C99-C077-4EF9-A520-F00EED233354}.Debug|x86.Build.0 = Debug|Any CPU
		{36FC9C99-C077-4EF9-A520-F00EED233354}.Release|Any CPU.ActiveCfg = Release|Any CPU
		{36FC9C99-C077-4EF9-A520-F00EED233354}.Release|Any CPU.Build.0 = Release|Any CPU
		{36FC9C99-C077-4EF9-A520-F00EED233354}.Release|x64.ActiveCfg = Release|Any CPU
		{36FC9C99-C077-4EF9-A520-F00EED233354}.Release|x64.Build.0 = Release|Any CPU
		{36FC9C99-C077-4EF9-A520-F00EED233354}.Release|x86.ActiveCfg = Release|Any CPU
		{36FC9C99-C077-4EF9-A520-F00EED233354}.Release|x86.Build.0 = Release|Any CPU
	EndGlobalSection
	GlobalSection(SolutionProperties) = preSolution
		HideSolutionNode = FALSE
	EndGlobalSection
	GlobalSection(ExtensibilityGlobals) = postSolution
		SolutionGuid = {0A2231BB-2AA5-4E24-B2FC-B78FAF232B78}
	EndGlobalSection
EndGlobal
